
Microsoft Visual Studio Solution File, Format Version 12.00
# Visual Studio 15
VisualStudioVersion = 15.0.27703.2026
MinimumVisualStudioVersion = 10.0.40219.1
Project("{FAE04EC0-301F-11D3-BF4B-00C04F79EFBC}") = "WpfApp100", "WpfApp100\WpfApp100.csproj", "{19DD5AAE-7DA8-44B5-9417-249BF69E083F}"
EndProject
Global
	GlobalSection(SolutionConfigurationPlatforms) = preSolution
		Debug|Any CPU = Debug|Any CPU
		Release|Any CPU = Release|Any CPU
	EndGlobalSection
	GlobalSection(ProjectConfigurationPlatforms) = postSolution
		{19DD5AAE-7DA8-44B5-9417-249BF69E083F}.Debug|Any CPU.ActiveCfg = Debug|Any CPU
		{19DD5AAE-7DA8-44B5-9417-249BF69E083F}.Debug|Any CPU.Build.0 = Debug|Any CPU
		{19DD5AAE-7DA8-44B5-9417-249BF69E083F}.Release|Any CPU.ActiveCfg = Release|Any CPU
		{19DD5AAE-7DA8-44B5-9417-249BF69E083F}.Release|Any CPU.Build.0 = Release|Any CPU
	EndGlobalSection
	GlobalSection(SolutionProperties) = preSolution
		HideSolutionNode = FALSE
	EndGlobalSection
	GlobalSection(ExtensibilityGlobals) = postSolution
		SolutionGuid = {519588A2-9C83-46A4-923C-CF626515E376}
	EndGlobalSection
EndGlobal
